// !$*UTF8*$!
{
	archiveVersion = 1;
	classes = {
	};
	objectVersion = 48;
	objects = {

/* Begin PBXBuildFile section */
		ADD30291201445E20055A196 /* SettingsController.swift in Sources */ = {isa = PBXBuildFile; fileRef = ADD30290201445E20055A196 /* SettingsController.swift */; };
		ADD30293201458EC0055A196 /* Cartfile in Resources */ = {isa = PBXBuildFile; fileRef = ADD30292201458EC0055A196 /* Cartfile */; };
		ADD30297201462900055A196 /* RealmSwift.framework in Frameworks */ = {isa = PBXBuildFile; fileRef = ADD30295201462850055A196 /* RealmSwift.framework */; };
		ADD30298201462900055A196 /* RealmSwift.framework in Embed Frameworks */ = {isa = PBXBuildFile; fileRef = ADD30295201462850055A196 /* RealmSwift.framework */; settings = {ATTRIBUTES = (CodeSignOnCopy, RemoveHeadersOnCopy, ); }; };
		ADD3029C201463830055A196 /* Realm.framework in Frameworks */ = {isa = PBXBuildFile; fileRef = ADD3029A2014637B0055A196 /* Realm.framework */; };
		ADD3029D201463830055A196 /* Realm.framework in Embed Frameworks */ = {isa = PBXBuildFile; fileRef = ADD3029A2014637B0055A196 /* Realm.framework */; settings = {ATTRIBUTES = (CodeSignOnCopy, RemoveHeadersOnCopy, ); }; };
		ADD302A0201463D90055A196 /* OffsetData.swift in Sources */ = {isa = PBXBuildFile; fileRef = ADD3029F201463D90055A196 /* OffsetData.swift */; };
		ADD302A220146C290055A196 /* SegueFromLeft.swift in Sources */ = {isa = PBXBuildFile; fileRef = ADD302A120146C290055A196 /* SegueFromLeft.swift */; };
		ADD302A520146CD40055A196 /* SegueFromRight.swift in Sources */ = {isa = PBXBuildFile; fileRef = ADD302A420146CD40055A196 /* SegueFromRight.swift */; };
		ADE645EF1FAEB9E80030CA75 /* AppDelegate.swift in Sources */ = {isa = PBXBuildFile; fileRef = ADE645EE1FAEB9E80030CA75 /* AppDelegate.swift */; };
		ADE645F51FAEB9E80030CA75 /* InstrumentScene.swift in Sources */ = {isa = PBXBuildFile; fileRef = ADE645F41FAEB9E80030CA75 /* InstrumentScene.swift */; };
		ADE645F71FAEB9E80030CA75 /* MainController.swift in Sources */ = {isa = PBXBuildFile; fileRef = ADE645F61FAEB9E80030CA75 /* MainController.swift */; };
		ADE645FA1FAEB9E80030CA75 /* Main.storyboard in Resources */ = {isa = PBXBuildFile; fileRef = ADE645F81FAEB9E80030CA75 /* Main.storyboard */; };
		ADE645FC1FAEB9E80030CA75 /* Assets.xcassets in Resources */ = {isa = PBXBuildFile; fileRef = ADE645FB1FAEB9E80030CA75 /* Assets.xcassets */; };
		ADE645FF1FAEB9E80030CA75 /* LaunchScreen.storyboard in Resources */ = {isa = PBXBuildFile; fileRef = ADE645FD1FAEB9E80030CA75 /* LaunchScreen.storyboard */; };
		ADE6460A1FAEB9E80030CA75 /* Aerobatic_SensorsTests.swift in Sources */ = {isa = PBXBuildFile; fileRef = ADE646091FAEB9E80030CA75 /* Aerobatic_SensorsTests.swift */; };
		ADE646151FAEB9E80030CA75 /* Aerobatic_SensorsUITests.swift in Sources */ = {isa = PBXBuildFile; fileRef = ADE646141FAEB9E80030CA75 /* Aerobatic_SensorsUITests.swift */; };
/* End PBXBuildFile section */

/* Begin PBXContainerItemProxy section */
		ADE646061FAEB9E80030CA75 /* PBXContainerItemProxy */ = {
			isa = PBXContainerItemProxy;
			containerPortal = ADE645E31FAEB9E80030CA75 /* Project object */;
			proxyType = 1;
			remoteGlobalIDString = ADE645EA1FAEB9E80030CA75;
			remoteInfo = "Aerobatic Sensors";
		};
		ADE646111FAEB9E80030CA75 /* PBXContainerItemProxy */ = {
			isa = PBXContainerItemProxy;
			containerPortal = ADE645E31FAEB9E80030CA75 /* Project object */;
			proxyType = 1;
			remoteGlobalIDString = ADE645EA1FAEB9E80030CA75;
			remoteInfo = "Aerobatic Sensors";
		};
/* End PBXContainerItemProxy section */

/* Begin PBXCopyFilesBuildPhase section */
		ADD30299201462910055A196 /* Embed Frameworks */ = {
			isa = PBXCopyFilesBuildPhase;
			buildActionMask = 2147483647;
			dstPath = "";
			dstSubfolderSpec = 10;
			files = (
				ADD3029D201463830055A196 /* Realm.framework in Embed Frameworks */,
				ADD30298201462900055A196 /* RealmSwift.framework in Embed Frameworks */,
			);
			name = "Embed Frameworks";
			runOnlyForDeploymentPostprocessing = 0;
		};
/* End PBXCopyFilesBuildPhase section */

/* Begin PBXFileReference section */
		ADD30290201445E20055A196 /* SettingsController.swift */ = {isa = PBXFileReference; lastKnownFileType = sourcecode.swift; path = SettingsController.swift; sourceTree = "<group>"; };
		ADD30292201458EC0055A196 /* Cartfile */ = {isa = PBXFileReference; lastKnownFileType = text; path = Cartfile; sourceTree = "<group>"; };
		ADD30295201462850055A196 /* RealmSwift.framework */ = {isa = PBXFileReference; lastKnownFileType = wrapper.framework; path = RealmSwift.framework; sourceTree = "<group>"; };
		ADD3029A2014637B0055A196 /* Realm.framework */ = {isa = PBXFileReference; lastKnownFileType = wrapper.framework; path = Realm.framework; sourceTree = "<group>"; };
		ADD3029F201463D90055A196 /* OffsetData.swift */ = {isa = PBXFileReference; lastKnownFileType = sourcecode.swift; path = OffsetData.swift; sourceTree = "<group>"; };
		ADD302A120146C290055A196 /* SegueFromLeft.swift */ = {isa = PBXFileReference; lastKnownFileType = sourcecode.swift; path = SegueFromLeft.swift; sourceTree = "<group>"; };
		ADD302A420146CD40055A196 /* SegueFromRight.swift */ = {isa = PBXFileReference; lastKnownFileType = sourcecode.swift; path = SegueFromRight.swift; sourceTree = "<group>"; };
		ADE645EB1FAEB9E80030CA75 /* Aerobatic Sensors.app */ = {isa = PBXFileReference; explicitFileType = wrapper.application; includeInIndex = 0; path = "Aerobatic Sensors.app"; sourceTree = BUILT_PRODUCTS_DIR; };
		ADE645EE1FAEB9E80030CA75 /* AppDelegate.swift */ = {isa = PBXFileReference; lastKnownFileType = sourcecode.swift; path = AppDelegate.swift; sourceTree = "<group>"; };
		ADE645F41FAEB9E80030CA75 /* InstrumentScene.swift */ = {isa = PBXFileReference; lastKnownFileType = sourcecode.swift; path = InstrumentScene.swift; sourceTree = "<group>"; };
		ADE645F61FAEB9E80030CA75 /* MainController.swift */ = {isa = PBXFileReference; lastKnownFileType = sourcecode.swift; path = MainController.swift; sourceTree = "<group>"; };
		ADE645F91FAEB9E80030CA75 /* Base */ = {isa = PBXFileReference; lastKnownFileType = file.storyboard; name = Base; path = Base.lproj/Main.storyboard; sourceTree = "<group>"; };
		ADE645FB1FAEB9E80030CA75 /* Assets.xcassets */ = {isa = PBXFileReference; lastKnownFileType = folder.assetcatalog; path = Assets.xcassets; sourceTree = "<group>"; };
		ADE645FE1FAEB9E80030CA75 /* Base */ = {isa = PBXFileReference; lastKnownFileType = file.storyboard; name = Base; path = Base.lproj/LaunchScreen.storyboard; sourceTree = "<group>"; };
		ADE646001FAEB9E80030CA75 /* Info.plist */ = {isa = PBXFileReference; lastKnownFileType = text.plist.xml; path = Info.plist; sourceTree = "<group>"; };
		ADE646051FAEB9E80030CA75 /* Aerobatic SensorsTests.xctest */ = {isa = PBXFileReference; explicitFileType = wrapper.cfbundle; includeInIndex = 0; path = "Aerobatic SensorsTests.xctest"; sourceTree = BUILT_PRODUCTS_DIR; };
		ADE646091FAEB9E80030CA75 /* Aerobatic_SensorsTests.swift */ = {isa = PBXFileReference; lastKnownFileType = sourcecode.swift; path = Aerobatic_SensorsTests.swift; sourceTree = "<group>"; };
		ADE6460B1FAEB9E80030CA75 /* Info.plist */ = {isa = PBXFileReference; lastKnownFileType = text.plist.xml; path = Info.plist; sourceTree = "<group>"; };
		ADE646101FAEB9E80030CA75 /* Aerobatic SensorsUITests.xctest */ = {isa = PBXFileReference; explicitFileType = wrapper.cfbundle; includeInIndex = 0; path = "Aerobatic SensorsUITests.xctest"; sourceTree = BUILT_PRODUCTS_DIR; };
		ADE646141FAEB9E80030CA75 /* Aerobatic_SensorsUITests.swift */ = {isa = PBXFileReference; lastKnownFileType = sourcecode.swift; path = Aerobatic_SensorsUITests.swift; sourceTree = "<group>"; };
		ADE646161FAEB9E80030CA75 /* Info.plist */ = {isa = PBXFileReference; lastKnownFileType = text.plist.xml; path = Info.plist; sourceTree = "<group>"; };
		ADFC831E1FB801F7005B2E4F /* Aerobatic Sensors.entitlements */ = {isa = PBXFileReference; lastKnownFileType = text.plist.entitlements; path = "Aerobatic Sensors.entitlements"; sourceTree = "<group>"; };
/* End PBXFileReference section */

/* Begin PBXFrameworksBuildPhase section */
		ADE645E81FAEB9E80030CA75 /* Frameworks */ = {
			isa = PBXFrameworksBuildPhase;
			buildActionMask = 2147483647;
			files = (
				ADD3029C201463830055A196 /* Realm.framework in Frameworks */,
				ADD30297201462900055A196 /* RealmSwift.framework in Frameworks */,
			);
			runOnlyForDeploymentPostprocessing = 0;
		};
		ADE646021FAEB9E80030CA75 /* Frameworks */ = {
			isa = PBXFrameworksBuildPhase;
			buildActionMask = 2147483647;
			files = (
			);
			runOnlyForDeploymentPostprocessing = 0;
		};
		ADE6460D1FAEB9E80030CA75 /* Frameworks */ = {
			isa = PBXFrameworksBuildPhase;
			buildActionMask = 2147483647;
			files = (
			);
			runOnlyForDeploymentPostprocessing = 0;
		};
/* End PBXFrameworksBuildPhase section */

/* Begin PBXGroup section */
		ADD3028E201444BE0055A196 /* Controllers */ = {
			isa = PBXGroup;
			children = (
				ADE645F41FAEB9E80030CA75 /* InstrumentScene.swift */,
				ADE645F61FAEB9E80030CA75 /* MainController.swift */,
				ADD30290201445E20055A196 /* SettingsController.swift */,
			);
			path = Controllers;
			sourceTree = "<group>";
		};
		ADD3028F201444C60055A196 /* Layouts */ = {
			isa = PBXGroup;
			children = (
				ADE645F81FAEB9E80030CA75 /* Main.storyboard */,
				ADE645FD1FAEB9E80030CA75 /* LaunchScreen.storyboard */,
			);
			path = Layouts;
			sourceTree = "<group>";
		};
		ADD30294201459780055A196 /* Frameworks */ = {
			isa = PBXGroup;
			children = (
				ADD3029A2014637B0055A196 /* Realm.framework */,
				ADD30295201462850055A196 /* RealmSwift.framework */,
			);
			path = Frameworks;
			sourceTree = "<group>";
		};
		ADD3029E201463C70055A196 /* Date Models */ = {
			isa = PBXGroup;
			children = (
				ADD3029F201463D90055A196 /* OffsetData.swift */,
			);
			path = "Date Models";
			sourceTree = "<group>";
		};
		ADD302A320146CAF0055A196 /* Segues */ = {
			isa = PBXGroup;
			children = (
				ADD302A120146C290055A196 /* SegueFromLeft.swift */,
				ADD302A420146CD40055A196 /* SegueFromRight.swift */,
			);
			path = Segues;
			sourceTree = "<group>";
		};
		ADE645E21FAEB9E80030CA75 = {
			isa = PBXGroup;
			children = (
				ADD30292201458EC0055A196 /* Cartfile */,
				ADE645ED1FAEB9E80030CA75 /* Aerobatic Sensors */,
				ADE646081FAEB9E80030CA75 /* Aerobatic SensorsTests */,
				ADE646131FAEB9E80030CA75 /* Aerobatic SensorsUITests */,
				ADE645EC1FAEB9E80030CA75 /* Products */,
				ADD30294201459780055A196 /* Frameworks */,
			);
			sourceTree = "<group>";
		};
		ADE645EC1FAEB9E80030CA75 /* Products */ = {
			isa = PBXGroup;
			children = (
				ADE645EB1FAEB9E80030CA75 /* Aerobatic Sensors.app */,
				ADE646051FAEB9E80030CA75 /* Aerobatic SensorsTests.xctest */,
				ADE646101FAEB9E80030CA75 /* Aerobatic SensorsUITests.xctest */,
			);
			name = Products;
			sourceTree = "<group>";
		};
		ADE645ED1FAEB9E80030CA75 /* Aerobatic Sensors */ = {
			isa = PBXGroup;
			children = (
				ADD302A320146CAF0055A196 /* Segues */,
				ADD3029E201463C70055A196 /* Date Models */,
				ADD3028F201444C60055A196 /* Layouts */,
				ADD3028E201444BE0055A196 /* Controllers */,
				ADFC831E1FB801F7005B2E4F /* Aerobatic Sensors.entitlements */,
				ADE645EE1FAEB9E80030CA75 /* AppDelegate.swift */,
				ADE645FB1FAEB9E80030CA75 /* Assets.xcassets */,
				ADE646001FAEB9E80030CA75 /* Info.plist */,
			);
			path = "Aerobatic Sensors";
			sourceTree = "<group>";
		};
		ADE646081FAEB9E80030CA75 /* Aerobatic SensorsTests */ = {
			isa = PBXGroup;
			children = (
				ADE646091FAEB9E80030CA75 /* Aerobatic_SensorsTests.swift */,
				ADE6460B1FAEB9E80030CA75 /* Info.plist */,
			);
			path = "Aerobatic SensorsTests";
			sourceTree = "<group>";
		};
		ADE646131FAEB9E80030CA75 /* Aerobatic SensorsUITests */ = {
			isa = PBXGroup;
			children = (
				ADE646141FAEB9E80030CA75 /* Aerobatic_SensorsUITests.swift */,
				ADE646161FAEB9E80030CA75 /* Info.plist */,
			);
			path = "Aerobatic SensorsUITests";
			sourceTree = "<group>";
		};
/* End PBXGroup section */

/* Begin PBXNativeTarget section */
		ADE645EA1FAEB9E80030CA75 /* Aerobatic Sensors */ = {
			isa = PBXNativeTarget;
			buildConfigurationList = ADE646191FAEB9E80030CA75 /* Build configuration list for PBXNativeTarget "Aerobatic Sensors" */;
			buildPhases = (
				ADE645E71FAEB9E80030CA75 /* Sources */,
				ADE645E81FAEB9E80030CA75 /* Frameworks */,
				ADE645E91FAEB9E80030CA75 /* Resources */,
				ADD30299201462910055A196 /* Embed Frameworks */,
			);
			buildRules = (
			);
			dependencies = (
			);
			name = "Aerobatic Sensors";
			productName = "Aerobatic Sensors";
			productReference = ADE645EB1FAEB9E80030CA75 /* Aerobatic Sensors.app */;
			productType = "com.apple.product-type.application";
		};
		ADE646041FAEB9E80030CA75 /* Aerobatic SensorsTests */ = {
			isa = PBXNativeTarget;
			buildConfigurationList = ADE6461C1FAEB9E80030CA75 /* Build configuration list for PBXNativeTarget "Aerobatic SensorsTests" */;
			buildPhases = (
				ADE646011FAEB9E80030CA75 /* Sources */,
				ADE646021FAEB9E80030CA75 /* Frameworks */,
				ADE646031FAEB9E80030CA75 /* Resources */,
			);
			buildRules = (
			);
			dependencies = (
				ADE646071FAEB9E80030CA75 /* PBXTargetDependency */,
			);
			name = "Aerobatic SensorsTests";
			productName = "Aerobatic SensorsTests";
			productReference = ADE646051FAEB9E80030CA75 /* Aerobatic SensorsTests.xctest */;
			productType = "com.apple.product-type.bundle.unit-test";
		};
		ADE6460F1FAEB9E80030CA75 /* Aerobatic SensorsUITests */ = {
			isa = PBXNativeTarget;
			buildConfigurationList = ADE6461F1FAEB9E80030CA75 /* Build configuration list for PBXNativeTarget "Aerobatic SensorsUITests" */;
			buildPhases = (
				ADE6460C1FAEB9E80030CA75 /* Sources */,
				ADE6460D1FAEB9E80030CA75 /* Frameworks */,
				ADE6460E1FAEB9E80030CA75 /* Resources */,
			);
			buildRules = (
			);
			dependencies = (
				ADE646121FAEB9E80030CA75 /* PBXTargetDependency */,
			);
			name = "Aerobatic SensorsUITests";
			productName = "Aerobatic SensorsUITests";
			productReference = ADE646101FAEB9E80030CA75 /* Aerobatic SensorsUITests.xctest */;
			productType = "com.apple.product-type.bundle.ui-testing";
		};
/* End PBXNativeTarget section */

/* Begin PBXProject section */
		ADE645E31FAEB9E80030CA75 /* Project object */ = {
			isa = PBXProject;
			attributes = {
				LastSwiftUpdateCheck = 0910;
				LastUpgradeCheck = 0910;
				ORGANIZATIONNAME = thejbix;
				TargetAttributes = {
					ADE645EA1FAEB9E80030CA75 = {
						CreatedOnToolsVersion = 9.1;
						ProvisioningStyle = Automatic;
						SystemCapabilities = {
							com.apple.Keychain = {
								enabled = 0;
							};
						};
					};
					ADE646041FAEB9E80030CA75 = {
						CreatedOnToolsVersion = 9.1;
						ProvisioningStyle = Automatic;
						TestTargetID = ADE645EA1FAEB9E80030CA75;
					};
					ADE6460F1FAEB9E80030CA75 = {
						CreatedOnToolsVersion = 9.1;
						ProvisioningStyle = Automatic;
						TestTargetID = ADE645EA1FAEB9E80030CA75;
					};
				};
			};
			buildConfigurationList = ADE645E61FAEB9E80030CA75 /* Build configuration list for PBXProject "Aerobatic Sensors" */;
			compatibilityVersion = "Xcode 8.0";
			developmentRegion = en;
			hasScannedForEncodings = 0;
			knownRegions = (
				en,
				Base,
			);
			mainGroup = ADE645E21FAEB9E80030CA75;
			productRefGroup = ADE645EC1FAEB9E80030CA75 /* Products */;
			projectDirPath = "";
			projectRoot = "";
			targets = (
				ADE645EA1FAEB9E80030CA75 /* Aerobatic Sensors */,
				ADE646041FAEB9E80030CA75 /* Aerobatic SensorsTests */,
				ADE6460F1FAEB9E80030CA75 /* Aerobatic SensorsUITests */,
			);
		};
/* End PBXProject section */

/* Begin PBXResourcesBuildPhase section */
		ADE645E91FAEB9E80030CA75 /* Resources */ = {
			isa = PBXResourcesBuildPhase;
			buildActionMask = 2147483647;
			files = (
				ADE645FA1FAEB9E80030CA75 /* Main.storyboard in Resources */,
				ADE645FC1FAEB9E80030CA75 /* Assets.xcassets in Resources */,
				ADD30293201458EC0055A196 /* Cartfile in Resources */,
				ADE645FF1FAEB9E80030CA75 /* LaunchScreen.storyboard in Resources */,
			);
			runOnlyForDeploymentPostprocessing = 0;
		};
		ADE646031FAEB9E80030CA75 /* Resources */ = {
			isa = PBXResourcesBuildPhase;
			buildActionMask = 2147483647;
			files = (
			);
			runOnlyForDeploymentPostprocessing = 0;
		};
		ADE6460E1FAEB9E80030CA75 /* Resources */ = {
			isa = PBXResourcesBuildPhase;
			buildActionMask = 2147483647;
			files = (
			);
			runOnlyForDeploymentPostprocessing = 0;
		};
/* End PBXResourcesBuildPhase section */

/* Begin PBXSourcesBuildPhase section */
		ADE645E71FAEB9E80030CA75 /* Sources */ = {
			isa = PBXSourcesBuildPhase;
			buildActionMask = 2147483647;
			files = (
				ADD302A220146C290055A196 /* SegueFromLeft.swift in Sources */,
				ADD30291201445E20055A196 /* SettingsController.swift in Sources */,
				ADE645F51FAEB9E80030CA75 /* InstrumentScene.swift in Sources */,
				ADE645F71FAEB9E80030CA75 /* MainController.swift in Sources */,
				ADD302A520146CD40055A196 /* SegueFromRight.swift in Sources */,
				ADE645EF1FAEB9E80030CA75 /* AppDelegate.swift in Sources */,
				ADD302A0201463D90055A196 /* OffsetData.swift in Sources */,
			);
			runOnlyForDeploymentPostprocessing = 0;
		};
		ADE646011FAEB9E80030CA75 /* Sources */ = {
			isa = PBXSourcesBuildPhase;
			buildActionMask = 2147483647;
			files = (
				ADE6460A1FAEB9E80030CA75 /* Aerobatic_SensorsTests.swift in Sources */,
			);
			runOnlyForDeploymentPostprocessing = 0;
		};
		ADE6460C1FAEB9E80030CA75 /* Sources */ = {
			isa = PBXSourcesBuildPhase;
			buildActionMask = 2147483647;
			files = (
				ADE646151FAEB9E80030CA75 /* Aerobatic_SensorsUITests.swift in Sources */,
			);
			runOnlyForDeploymentPostprocessing = 0;
		};
/* End PBXSourcesBuildPhase section */

/* Begin PBXTargetDependency section */
		ADE646071FAEB9E80030CA75 /* PBXTargetDependency */ = {
			isa = PBXTargetDependency;
			target = ADE645EA1FAEB9E80030CA75 /* Aerobatic Sensors */;
			targetProxy = ADE646061FAEB9E80030CA75 /* PBXContainerItemProxy */;
		};
		ADE646121FAEB9E80030CA75 /* PBXTargetDependency */ = {
			isa = PBXTargetDependency;
			target = ADE645EA1FAEB9E80030CA75 /* Aerobatic Sensors */;
			targetProxy = ADE646111FAEB9E80030CA75 /* PBXContainerItemProxy */;
		};
/* End PBXTargetDependency section */

/* Begin PBXVariantGroup section */
		ADE645F81FAEB9E80030CA75 /* Main.storyboard */ = {
			isa = PBXVariantGroup;
			children = (
				ADE645F91FAEB9E80030CA75 /* Base */,
			);
			name = Main.storyboard;
			sourceTree = "<group>";
		};
		ADE645FD1FAEB9E80030CA75 /* LaunchScreen.storyboard */ = {
			isa = PBXVariantGroup;
			children = (
				ADE645FE1FAEB9E80030CA75 /* Base */,
			);
			name = LaunchScreen.storyboard;
			sourceTree = "<group>";
		};
/* End PBXVariantGroup section */

/* Begin XCBuildConfiguration section */
		ADE646171FAEB9E80030CA75 /* Debug */ = {
			isa = XCBuildConfiguration;
			buildSettings = {
				ALWAYS_SEARCH_USER_PATHS = NO;
				CLANG_ANALYZER_NONNULL = YES;
				CLANG_ANALYZER_NUMBER_OBJECT_CONVERSION = YES_AGGRESSIVE;
				CLANG_CXX_LANGUAGE_STANDARD = "gnu++14";
				CLANG_CXX_LIBRARY = "libc++";
				CLANG_ENABLE_MODULES = YES;
				CLANG_ENABLE_OBJC_ARC = YES;
				CLANG_WARN_BLOCK_CAPTURE_AUTORELEASING = YES;
				CLANG_WARN_BOOL_CONVERSION = YES;
				CLANG_WARN_COMMA = YES;
				CLANG_WARN_CONSTANT_CONVERSION = YES;
				CLANG_WARN_DIRECT_OBJC_ISA_USAGE = YES_ERROR;
				CLANG_WARN_DOCUMENTATION_COMMENTS = YES;
				CLANG_WARN_EMPTY_BODY = YES;
				CLANG_WARN_ENUM_CONVERSION = YES;
				CLANG_WARN_INFINITE_RECURSION = YES;
				CLANG_WARN_INT_CONVERSION = YES;
				CLANG_WARN_NON_LITERAL_NULL_CONVERSION = YES;
				CLANG_WARN_OBJC_LITERAL_CONVERSION = YES;
				CLANG_WARN_OBJC_ROOT_CLASS = YES_ERROR;
				CLANG_WARN_RANGE_LOOP_ANALYSIS = YES;
				CLANG_WARN_STRICT_PROTOTYPES = YES;
				CLANG_WARN_SUSPICIOUS_MOVE = YES;
				CLANG_WARN_UNGUARDED_AVAILABILITY = YES_AGGRESSIVE;
				CLANG_WARN_UNREACHABLE_CODE = YES;
				CLANG_WARN__DUPLICATE_METHOD_MATCH = YES;
				CODE_SIGN_IDENTITY = "iPhone Developer";
				COPY_PHASE_STRIP = NO;
				DEBUG_INFORMATION_FORMAT = dwarf;
				ENABLE_STRICT_OBJC_MSGSEND = YES;
				ENABLE_TESTABILITY = YES;
				GCC_C_LANGUAGE_STANDARD = gnu11;
				GCC_DYNAMIC_NO_PIC = NO;
				GCC_NO_COMMON_BLOCKS = YES;
				GCC_OPTIMIZATION_LEVEL = 0;
				GCC_PREPROCESSOR_DEFINITIONS = (
					"DEBUG=1",
					"$(inherited)",
				);
				GCC_WARN_64_TO_32_BIT_CONVERSION = YES;
				GCC_WARN_ABOUT_RETURN_TYPE = YES_ERROR;
				GCC_WARN_UNDECLARED_SELECTOR = YES;
				GCC_WARN_UNINITIALIZED_AUTOS = YES_AGGRESSIVE;
				GCC_WARN_UNUSED_FUNCTION = YES;
				GCC_WARN_UNUSED_VARIABLE = YES;
				IPHONEOS_DEPLOYMENT_TARGET = 11.1;
				MTL_ENABLE_DEBUG_INFO = YES;
				ONLY_ACTIVE_ARCH = YES;
				SDKROOT = iphoneos;
				SWIFT_ACTIVE_COMPILATION_CONDITIONS = DEBUG;
				SWIFT_OPTIMIZATION_LEVEL = "-Onone";
			};
			name = Debug;
		};
		ADE646181FAEB9E80030CA75 /* Release */ = {
			isa = XCBuildConfiguration;
			buildSettings = {
				ALWAYS_SEARCH_USER_PATHS = NO;
				CLANG_ANALYZER_NONNULL = YES;
				CLANG_ANALYZER_NUMBER_OBJECT_CONVERSION = YES_AGGRESSIVE;
				CLANG_CXX_LANGUAGE_STANDARD = "gnu++14";
				CLANG_CXX_LIBRARY = "libc++";
				CLANG_ENABLE_MODULES = YES;
				CLANG_ENABLE_OBJC_ARC = YES;
				CLANG_WARN_BLOCK_CAPTURE_AUTORELEASING = YES;
				CLANG_WARN_BOOL_CONVERSION = YES;
				CLANG_WARN_COMMA = YES;
				CLANG_WARN_CONSTANT_CONVERSION = YES;
				CLANG_WARN_DIRECT_OBJC_ISA_USAGE = YES_ERROR;
				CLANG_WARN_DOCUMENTATION_COMMENTS = YES;
				CLANG_WARN_EMPTY_BODY = YES;
				CLANG_WARN_ENUM_CONVERSION = YES;
				CLANG_WARN_INFINITE_RECURSION = YES;
				CLANG_WARN_INT_CONVERSION = YES;
				CLANG_WARN_NON_LITERAL_NULL_CONVERSION = YES;
				CLANG_WARN_OBJC_LITERAL_CONVERSION = YES;
				CLANG_WARN_OBJC_ROOT_CLASS = YES_ERROR;
				CLANG_WARN_RANGE_LOOP_ANALYSIS = YES;
				CLANG_WARN_STRICT_PROTOTYPES = YES;
				CLANG_WARN_SUSPICIOUS_MOVE = YES;
				CLANG_WARN_UNGUARDED_AVAILABILITY = YES_AGGRESSIVE;
				CLANG_WARN_UNREACHABLE_CODE = YES;
				CLANG_WARN__DUPLICATE_METHOD_MATCH = YES;
				CODE_SIGN_IDENTITY = "iPhone Developer";
				COPY_PHASE_STRIP = NO;
				DEBUG_INFORMATION_FORMAT = "dwarf-with-dsym";
				ENABLE_NS_ASSERTIONS = NO;
				ENABLE_STRICT_OBJC_MSGSEND = YES;
				GCC_C_LANGUAGE_STANDARD = gnu11;
				GCC_NO_COMMON_BLOCKS = YES;
				GCC_WARN_64_TO_32_BIT_CONVERSION = YES;
				GCC_WARN_ABOUT_RETURN_TYPE = YES_ERROR;
				GCC_WARN_UNDECLARED_SELECTOR = YES;
				GCC_WARN_UNINITIALIZED_AUTOS = YES_AGGRESSIVE;
				GCC_WARN_UNUSED_FUNCTION = YES;
				GCC_WARN_UNUSED_VARIABLE = YES;
				IPHONEOS_DEPLOYMENT_TARGET = 11.1;
				MTL_ENABLE_DEBUG_INFO = NO;
				SDKROOT = iphoneos;
				SWIFT_OPTIMIZATION_LEVEL = "-Owholemodule";
				VALIDATE_PRODUCT = YES;
			};
			name = Release;
		};
		ADE6461A1FAEB9E80030CA75 /* Debug */ = {
			isa = XCBuildConfiguration;
			buildSettings = {
				ASSETCATALOG_COMPILER_APPICON_NAME = AppIcon;
				CODE_SIGN_STYLE = Automatic;
				DEVELOPMENT_TEAM = KWLCY5LKHK;
				FRAMEWORK_SEARCH_PATHS = (
					"$(inherited)",
					"$(PROJECT_DIR)/Frameworks",
				);
				INFOPLIST_FILE = "Aerobatic Sensors/Info.plist";
				IPHONEOS_DEPLOYMENT_TARGET = 10.0;
				LD_RUNPATH_SEARCH_PATHS = "$(inherited) @executable_path/Frameworks";
				PRODUCT_BUNDLE_IDENTIFIER = com.thejbix.aero;
				PRODUCT_NAME = "$(TARGET_NAME)";
				SWIFT_VERSION = 4.0;
				TARGETED_DEVICE_FAMILY = 2;
			};
			name = Debug;
		};
		ADE6461B1FAEB9E80030CA75 /* Release */ = {
			isa = XCBuildConfiguration;
			buildSettings = {
				ASSETCATALOG_COMPILER_APPICON_NAME = AppIcon;
				CODE_SIGN_STYLE = Automatic;
				DEVELOPMENT_TEAM = KWLCY5LKHK;
				FRAMEWORK_SEARCH_PATHS = (
					"$(inherited)",
					"$(PROJECT_DIR)/Frameworks",
				);
				INFOPLIST_FILE = "Aerobatic Sensors/Info.plist";
				IPHONEOS_DEPLOYMENT_TARGET = 10.0;
				LD_RUNPATH_SEARCH_PATHS = "$(inherited) @executable_path/Frameworks";
				PRODUCT_BUNDLE_IDENTIFIER = com.thejbix.aero;
				PRODUCT_NAME = "$(TARGET_NAME)";
				SWIFT_VERSION = 4.0;
				TARGETED_DEVICE_FAMILY = 2;
			};
			name = Release;
		};
		ADE6461D1FAEB9E80030CA75 /* Debug */ = {
			isa = XCBuildConfiguration;
			buildSettings = {
				ALWAYS_EMBED_SWIFT_STANDARD_LIBRARIES = YES;
				BUNDLE_LOADER = "$(TEST_HOST)";
				CODE_SIGN_STYLE = Automatic;
				INFOPLIST_FILE = "Aerobatic SensorsTests/Info.plist";
				LD_RUNPATH_SEARCH_PATHS = "$(inherited) @executable_path/Frameworks @loader_path/Frameworks";
				PRODUCT_BUNDLE_IDENTIFIER = "com.thejbix.Aerobatic-SensorsTests";
				PRODUCT_NAME = "$(TARGET_NAME)";
				SWIFT_VERSION = 4.0;
				TARGETED_DEVICE_FAMILY = "1,2";
				TEST_HOST = "$(BUILT_PRODUCTS_DIR)/Aerobatic Sensors.app/Aerobatic Sensors";
			};
			name = Debug;
		};
		ADE6461E1FAEB9E80030CA75 /* Release */ = {
			isa = XCBuildConfiguration;
			buildSettings = {
				ALWAYS_EMBED_SWIFT_STANDARD_LIBRARIES = YES;
				BUNDLE_LOADER = "$(TEST_HOST)";
				CODE_SIGN_STYLE = Automatic;
				INFOPLIST_FILE = "Aerobatic SensorsTests/Info.plist";
				LD_RUNPATH_SEARCH_PATHS = "$(inherited) @executable_path/Frameworks @loader_path/Frameworks";
				PRODUCT_BUNDLE_IDENTIFIER = "com.thejbix.Aerobatic-SensorsTests";
				PRODUCT_NAME = "$(TARGET_NAME)";
				SWIFT_VERSION = 4.0;
				TARGETED_DEVICE_FAMILY = "1,2";
				TEST_HOST = "$(BUILT_PRODUCTS_DIR)/Aerobatic Sensors.app/Aerobatic Sensors";
			};
			name = Release;
		};
		ADE646201FAEB9E80030CA75 /* Debug */ = {
			isa = XCBuildConfiguration;
			buildSettings = {
				ALWAYS_EMBED_SWIFT_STANDARD_LIBRARIES = YES;
				CODE_SIGN_STYLE = Automatic;
				INFOPLIST_FILE = "Aerobatic SensorsUITests/Info.plist";
				LD_RUNPATH_SEARCH_PATHS = "$(inherited) @executable_path/Frameworks @loader_path/Frameworks";
				PRODUCT_BUNDLE_IDENTIFIER = "com.thejbix.Aerobatic-SensorsUITests";
				PRODUCT_NAME = "$(TARGET_NAME)";
				SWIFT_VERSION = 4.0;
				TARGETED_DEVICE_FAMILY = "1,2";
				TEST_TARGET_NAME = "Aerobatic Sensors";
			};
			name = Debug;
		};
		ADE646211FAEB9E80030CA75 /* Release */ = {
			isa = XCBuildConfiguration;
			buildSettings = {
				ALWAYS_EMBED_SWIFT_STANDARD_LIBRARIES = YES;
				CODE_SIGN_STYLE = Automatic;
				INFOPLIST_FILE = "Aerobatic SensorsUITests/Info.plist";
				LD_RUNPATH_SEARCH_PATHS = "$(inherited) @executable_path/Frameworks @loader_path/Frameworks";
				PRODUCT_BUNDLE_IDENTIFIER = "com.thejbix.Aerobatic-SensorsUITests";
				PRODUCT_NAME = "$(TARGET_NAME)";
				SWIFT_VERSION = 4.0;
				TARGETED_DEVICE_FAMILY = "1,2";
				TEST_TARGET_NAME = "Aerobatic Sensors";
			};
			name = Release;
		};
/* End XCBuildConfiguration section */

/* Begin XCConfigurationList section */
		ADE645E61FAEB9E80030CA75 /* Build configuration list for PBXProject "Aerobatic Sensors" */ = {
			isa = XCConfigurationList;
			buildConfigurations = (
				ADE646171FAEB9E80030CA75 /* Debug */,
				ADE646181FAEB9E80030CA75 /* Release */,
			);
			defaultConfigurationIsVisible = 0;
			defaultConfigurationName = Release;
		};
		ADE646191FAEB9E80030CA75 /* Build configuration list for PBXNativeTarget "Aerobatic Sensors" */ = {
			isa = XCConfigurationList;
			buildConfigurations = (
				ADE6461A1FAEB9E80030CA75 /* Debug */,
				ADE6461B1FAEB9E80030CA75 /* Release */,
			);
			defaultConfigurationIsVisible = 0;
			defaultConfigurationName = Release;
		};
		ADE6461C1FAEB9E80030CA75 /* Build configuration list for PBXNativeTarget "Aerobatic SensorsTests" */ = {
			isa = XCConfigurationList;
			buildConfigurations = (
				ADE6461D1FAEB9E80030CA75 /* Debug */,
				ADE6461E1FAEB9E80030CA75 /* Release */,
			);
			defaultConfigurationIsVisible = 0;
			defaultConfigurationName = Release;
		};
		ADE6461F1FAEB9E80030CA75 /* Build configuration list for PBXNativeTarget "Aerobatic SensorsUITests" */ = {
			isa = XCConfigurationList;
			buildConfigurations = (
				ADE646201FAEB9E80030CA75 /* Debug */,
				ADE646211FAEB9E80030CA75 /* Release */,
			);
			defaultConfigurationIsVisible = 0;
			defaultConfigurationName = Release;
		};
/* End XCConfigurationList section */
	};
	rootObject = ADE645E31FAEB9E80030CA75 /* Project object */;
}
